
Microsoft Visual Studio Solution File, Format Version 12.00
# Visual Studio Version 17
VisualStudioVersion = 17.11.35327.3
MinimumVisualStudioVersion = 10.0.40219.1
Project("{FAE04EC0-301F-11D3-BF4B-00C04F79EFBC}") = "exoRecap", "exoRecap.csproj", "{38615CF7-FD11-45F9-953B-0F494019C84C}"
EndProject
Global
	GlobalSection(SolutionConfigurationPlatforms) = preSolution
		Debug|Any CPU = Debug|Any CPU
		Release|Any CPU = Release|Any CPU
	EndGlobalSection
	GlobalSection(ProjectConfigurationPlatforms) = postSolution
		{38615CF7-FD11-45F9-953B-0F494019C84C}.Debug|Any CPU.ActiveCfg = Debug|Any CPU
		{38615CF7-FD11-45F9-953B-0F494019C84C}.Debug|Any CPU.Build.0 = Debug|Any CPU
		{38615CF7-FD11-45F9-953B-0F494019C84C}.Release|Any CPU.ActiveCfg = Release|Any CPU
		{38615CF7-FD11-45F9-953B-0F494019C84C}.Release|Any CPU.Build.0 = Release|Any CPU
	EndGlobalSection
	GlobalSection(SolutionProperties) = preSolution
		HideSolutionNode = FALSE
	EndGlobalSection
	GlobalSection(ExtensibilityGlobals) = postSolution
		SolutionGuid = {10D34857-EEDA-4091-B3D3-00313AC5341F}
	EndGlobalSection
EndGlobal
